
Microsoft Visual Studio Solution File, Format Version 12.00
# Visual Studio Version 17
VisualStudioVersion = 17.7.34024.191
MinimumVisualStudioVersion = 10.0.40219.1
Project("{FAE04EC0-301F-11D3-BF4B-00C04F79EFBC}") = "HospitalManagementWPFApp", "HospitalManagementWPFApp.csproj", "{20C394AC-7C9E-4C37-96B7-10FC4094117B}"
EndProject
Global
	GlobalSection(SolutionConfigurationPlatforms) = preSolution
		Debug|Any CPU = Debug|Any CPU
		Release|Any CPU = Release|Any CPU
	EndGlobalSection
	GlobalSection(ProjectConfigurationPlatforms) = postSolution
		{20C394AC-7C9E-4C37-96B7-10FC4094117B}.Debug|Any CPU.ActiveCfg = Debug|Any CPU
		{20C394AC-7C9E-4C37-96B7-10FC4094117B}.Debug|Any CPU.Build.0 = Debug|Any CPU
		{20C394AC-7C9E-4C37-96B7-10FC4094117B}.Release|Any CPU.ActiveCfg = Release|Any CPU
		{20C394AC-7C9E-4C37-96B7-10FC4094117B}.Release|Any CPU.Build.0 = Release|Any CPU
	EndGlobalSection
	GlobalSection(SolutionProperties) = preSolution
		HideSolutionNode = FALSE
	EndGlobalSection
	GlobalSection(ExtensibilityGlobals) = postSolution
		SolutionGuid = {FA87A194-5C5A-47E7-B095-1D1C15727EDF}
	EndGlobalSection
EndGlobal
